{
  "object": {
    "pins": [
      {
        "package": "AEXML",
        "repositoryURL": "https://github.com/tadija/AEXML.git",
        "state": {
          "branch": null,
          "revision": "6eea665515d079c338690147082a8084a36484b0",
          "version": "4.3.0"
        }
      },
      {
        "package": "Argo",
        "repositoryURL": "https://github.com/RLovelett/Argo.git",
        "state": {
          "branch": "swift-4.1-macOS-and-linux",
          "revision": "a3c76f404d2e5d9bf49206b1b7225ada31c24e26",
          "version": null
        }
      },
      {
        "package": "Curry",
        "repositoryURL": "https://github.com/thoughtbot/Curry.git",
        "state": {
          "branch": null,
          "revision": "b6bf27ec9d711f607a8c7da9ca69ee9eaa201a22",
          "version": "4.0.1"
        }
      },
      {
        "package": "Ogra",
        "repositoryURL": "https://github.com/RLovelett/Ogra.git",
        "state": {
          "branch": "master",
          "revision": "2557450baad23d299fd4d90ba5f0b16e36203040",
          "version": null
        }
      },
      {
        "package": "Runes",
        "repositoryURL": "https://github.com/thoughtbot/Runes.git",
        "state": {
          "branch": null,
          "revision": "30701f9587e31eca105318a5612691bf35a95d0b",
          "version": "4.1.1"
        }
      },
      {
        "package": "SourceKit",
        "repositoryURL": "https://github.com/RLovelett/SourceKit.git",
        "state": {
          "branch": null,
          "revision": "5e4872713081cf104a74a1f53be64418ff75fb47",
          "version": "1.0.2"
        }
      },
      {
        "package": "SwiftPM",
        "repositoryURL": "https://github.com/RLovelett/swift-package-manager.git",
        "state": {
          "branch": "swift-4.1-branch",
          "revision": "717de5e5a534e50fe176a510d7502b63b4901678",
          "version": null
        }
      }
    ]
  },
  "version": 1
}
