{
  "object": {
    "pins": [
      {
        "package": "Argo",
        "repositoryURL": "https://github.com/thoughtbot/Argo.git",
        "state": {
          "branch": null,
          "revision": "203daf8fbebff84fb8d560acd3cad32a067b6189",
          "version": "4.1.2"
        }
      },
      {
        "package": "Curry",
        "repositoryURL": "https://github.com/thoughtbot/Curry.git",
        "state": {
          "branch": null,
          "revision": "c9f1a37e0e12ad38af7933b9386bdc5f9e6222dc",
          "version": "3.0.0"
        }
      },
      {
        "package": "Ogra",
        "repositoryURL": "https://github.com/edwardaux/Ogra.git",
        "state": {
          "branch": null,
          "revision": "b4f180291873ef4121d215c7298690c94e96bcf6",
          "version": "4.1.2"
        }
      },
      {
        "package": "Runes",
        "repositoryURL": "https://github.com/thoughtbot/Runes.git",
        "state": {
          "branch": null,
          "revision": "e1bb1f7a589fe9172dc3410203f8b62373ea92a4",
          "version": "4.1.0"
        }
      },
      {
        "package": "SourceKit",
        "repositoryURL": "https://github.com/RLovelett/SourceKit.git",
        "state": {
          "branch": null,
          "revision": "5e4872713081cf104a74a1f53be64418ff75fb47",
          "version": "1.0.2"
        }
      },
      {
        "package": "SwiftPM",
        "repositoryURL": "https://github.com/RLovelett/swift-package-manager.git",
        "state": {
          "branch": null,
          "revision": "c300728dad0d0b754929284282d26358242fbf11",
          "version": "3.1.1-beta.1"
        }
      }
    ]
  },
  "version": 1
}
